
Microsoft Visual Studio Solution File, Format Version 12.00
# Visual Studio Version 16
VisualStudioVersion = 16.0.31515.178
MinimumVisualStudioVersion = 10.0.40219.1
Project("{9A19103F-16F7-4668-BE54-9A1E7A4F7556}") = "Forms", "Forms\Forms.csproj", "{8B6D6868-DF79-447D-9CF3-2A5A2086221A}"
EndProject
Project("{9A19103F-16F7-4668-BE54-9A1E7A4F7556}") = "Entidades", "Entidades\Entidades.csproj", "{8FFEAF2C-F57D-4CF2-BF80-84FAA8F868C5}"
EndProject
Project("{FAE04EC0-301F-11D3-BF4B-00C04F79EFBC}") = "Acceso a datos", "Acceso a datos\Acceso a datos.csproj", "{759B9628-F5A2-424B-A7A3-81E3CAFECDFC}"
EndProject
Project("{FAE04EC0-301F-11D3-BF4B-00C04F79EFBC}") = "Servicios", "Servicios\Servicios.csproj", "{7BD3C45B-4718-4D82-98BE-D3928F9B1C1F}"
EndProject
Global
	GlobalSection(SolutionConfigurationPlatforms) = preSolution
		Debug|Any CPU = Debug|Any CPU
		Release|Any CPU = Release|Any CPU
	EndGlobalSection
	GlobalSection(ProjectConfigurationPlatforms) = postSolution
		{8B6D6868-DF79-447D-9CF3-2A5A2086221A}.Debug|Any CPU.ActiveCfg = Debug|Any CPU
		{8B6D6868-DF79-447D-9CF3-2A5A2086221A}.Debug|Any CPU.Build.0 = Debug|Any CPU
		{8B6D6868-DF79-447D-9CF3-2A5A2086221A}.Release|Any CPU.ActiveCfg = Release|Any CPU
		{8B6D6868-DF79-447D-9CF3-2A5A2086221A}.Release|Any CPU.Build.0 = Release|Any CPU
		{8FFEAF2C-F57D-4CF2-BF80-84FAA8F868C5}.Debug|Any CPU.ActiveCfg = Debug|Any CPU
		{8FFEAF2C-F57D-4CF2-BF80-84FAA8F868C5}.Debug|Any CPU.Build.0 = Debug|Any CPU
		{8FFEAF2C-F57D-4CF2-BF80-84FAA8F868C5}.Release|Any CPU.ActiveCfg = Release|Any CPU
		{8FFEAF2C-F57D-4CF2-BF80-84FAA8F868C5}.Release|Any CPU.Build.0 = Release|Any CPU
		{759B9628-F5A2-424B-A7A3-81E3CAFECDFC}.Debug|Any CPU.ActiveCfg = Debug|Any CPU
		{759B9628-F5A2-424B-A7A3-81E3CAFECDFC}.Debug|Any CPU.Build.0 = Debug|Any CPU
		{759B9628-F5A2-424B-A7A3-81E3CAFECDFC}.Release|Any CPU.ActiveCfg = Release|Any CPU
		{759B9628-F5A2-424B-A7A3-81E3CAFECDFC}.Release|Any CPU.Build.0 = Release|Any CPU
		{7BD3C45B-4718-4D82-98BE-D3928F9B1C1F}.Debug|Any CPU.ActiveCfg = Debug|Any CPU
		{7BD3C45B-4718-4D82-98BE-D3928F9B1C1F}.Debug|Any CPU.Build.0 = Debug|Any CPU
		{7BD3C45B-4718-4D82-98BE-D3928F9B1C1F}.Release|Any CPU.ActiveCfg = Release|Any CPU
		{7BD3C45B-4718-4D82-98BE-D3928F9B1C1F}.Release|Any CPU.Build.0 = Release|Any CPU
	EndGlobalSection
	GlobalSection(SolutionProperties) = preSolution
		HideSolutionNode = FALSE
	EndGlobalSection
	GlobalSection(ExtensibilityGlobals) = postSolution
		SolutionGuid = {2DBE0B2E-BD0B-40B6-AF0D-0ED83E28515C}
	EndGlobalSection
EndGlobal
